
Microsoft Visual Studio Solution File, Format Version 12.00
# Visual Studio Version 17
VisualStudioVersion = 17.14.36616.10
MinimumVisualStudioVersion = 10.0.40219.1
Project("{2150E333-8FDC-42A3-9474-1A3956D46DE8}") = "src", "src", "{02EA681E-C7D8-13C7-8484-4AC65E1B71E8}"
EndProject
Project("{2150E333-8FDC-42A3-9474-1A3956D46DE8}") = "EFM.Api", "EFM.Api", "{0607FAB3-9CB0-4D80-AE40-6D9786CA2EE3}"
EndProject
Project("{2150E333-8FDC-42A3-9474-1A3956D46DE8}") = "EFM.Common", "EFM.Common", "{3742A77B-655F-4374-B604-2804F882DEC9}"
EndProject
Project("{2150E333-8FDC-42A3-9474-1A3956D46DE8}") = "EFM.BoundedContext", "EFM.BoundedContext", "{68A03BCE-89AE-4D4D-94A7-5DD81B5BEEB6}"
EndProject
Project("{2150E333-8FDC-42A3-9474-1A3956D46DE8}") = "Products", "Products", "{489CEA21-799E-465B-9CFF-FD4C5D8612E3}"
EndProject
Project("{2150E333-8FDC-42A3-9474-1A3956D46DE8}") = "Solution Items", "Solution Items", "{287938F2-41A2-4134-8ECD-423C16B4D764}"
	ProjectSection(SolutionItems) = preProject
		.editorconfig = .editorconfig
		Directory.Build.props = Directory.Build.props
	EndProjectSection
EndProject
Project("{2150E333-8FDC-42A3-9474-1A3956D46DE8}") = "Inventory", "Inventory", "{97939F6E-EDEC-4AE9-9FE1-17BEB619FA2B}"
EndProject
Project("{2150E333-8FDC-42A3-9474-1A3956D46DE8}") = "Notification", "Notification", "{CE25A624-3FDE-4485-8F23-259E263655B3}"
EndProject
Project("{FAE04EC0-301F-11D3-BF4B-00C04F79EFBC}") = "EFM.Api", "src\api\EFM.Api\EFM.Api.csproj", "{34B4DAE6-CA69-93DB-7DC6-7AD1D96C5C2C}"
EndProject
Project("{FAE04EC0-301F-11D3-BF4B-00C04F79EFBC}") = "EFM.Inventory.Api", "src\api\EFM.BoundedContext\Inventory\EFM.Inventory.Api\EFM.Inventory.Api.csproj", "{0FBAC862-B2D3-23ED-2B69-DDD1A5DF8CC0}"
EndProject
Project("{FAE04EC0-301F-11D3-BF4B-00C04F79EFBC}") = "EFM.Inventory.Application", "src\api\EFM.BoundedContext\Inventory\EFM.Inventory.Application\EFM.Inventory.Application.csproj", "{ACB20932-38EA-5770-0512-A332E30E39EB}"
EndProject
Project("{FAE04EC0-301F-11D3-BF4B-00C04F79EFBC}") = "EFM.Inventory.Domain", "src\api\EFM.BoundedContext\Inventory\EFM.Inventory.Domain\EFM.Inventory.Domain.csproj", "{FBBE21B0-4758-8628-9EA0-1331A5911215}"
EndProject
Project("{FAE04EC0-301F-11D3-BF4B-00C04F79EFBC}") = "EFM.Inventory.Infrastructure", "src\api\EFM.BoundedContext\Inventory\EFM.Inventory.Infrastructure\EFM.Inventory.Infrastructure.csproj", "{B6EC89A1-2A92-2555-446F-8385643F055B}"
EndProject
Project("{FAE04EC0-301F-11D3-BF4B-00C04F79EFBC}") = "EFM.Inventory.PublicApi", "src\api\EFM.BoundedContext\Inventory\EFM.Inventory.PublicApi\EFM.Inventory.PublicApi.csproj", "{981935BB-DAEB-B0B6-3E35-A85F03771AEC}"
EndProject
Project("{FAE04EC0-301F-11D3-BF4B-00C04F79EFBC}") = "EFM.Notification.Api", "src\api\EFM.BoundedContext\Notifications\EFM.Notification.Api\EFM.Notification.Api.csproj", "{E6A9AFB6-3E4B-D226-0A2D-FD1CB91F8F7B}"
EndProject
Project("{FAE04EC0-301F-11D3-BF4B-00C04F79EFBC}") = "EFM.Notification.Application", "src\api\EFM.BoundedContext\Notifications\EFM.Notification.Application\EFM.Notification.Application.csproj", "{0DE10F68-335B-51CB-A876-CBB8AE97CD85}"
EndProject
Project("{FAE04EC0-301F-11D3-BF4B-00C04F79EFBC}") = "EFM.Notification.Domain", "src\api\EFM.BoundedContext\Notifications\EFM.Notification.Domain\EFM.Notification.Domain.csproj", "{78872A0E-3C02-52BD-9012-06346F3587B2}"
EndProject
Project("{FAE04EC0-301F-11D3-BF4B-00C04F79EFBC}") = "EFM.Notification.Infrastructure", "src\api\EFM.BoundedContext\Notifications\EFM.Notification.Infrastructure\EFM.Notification.Infrastructure.csproj", "{F18ACCD7-D406-CB42-EB20-EBC0104BD1BD}"
EndProject
Project("{FAE04EC0-301F-11D3-BF4B-00C04F79EFBC}") = "EFM.Products.Api", "src\api\EFM.BoundedContext\Products\EFM.Products.Api\EFM.Products.Api.csproj", "{741A8A51-B24A-2EE0-2631-05F6EF37F6EE}"
EndProject
Project("{FAE04EC0-301F-11D3-BF4B-00C04F79EFBC}") = "EFM.Products.Application", "src\api\EFM.BoundedContext\Products\EFM.Products.Application\EFM.Products.Application.csproj", "{9AA009A6-3D1C-B788-75A8-945471043DD2}"
EndProject
Project("{FAE04EC0-301F-11D3-BF4B-00C04F79EFBC}") = "EFM.Products.Domain", "src\api\EFM.BoundedContext\Products\EFM.Products.Domain\EFM.Products.Domain.csproj", "{093EC019-5B95-509A-2661-A0B1C53826A4}"
EndProject
Project("{FAE04EC0-301F-11D3-BF4B-00C04F79EFBC}") = "EFM.Products.Infrastructure", "src\api\EFM.BoundedContext\Products\EFM.Products.Infrastructure\EFM.Products.Infrastructure.csproj", "{D25622B2-3B78-3792-C413-B6ED696CDF65}"
EndProject
Project("{FAE04EC0-301F-11D3-BF4B-00C04F79EFBC}") = "EFM.Common.Application", "src\api\EFM.Common\EFM.Common.Application\EFM.Common.Application.csproj", "{612C99E2-DFCB-0D35-BC05-FFAE30E76F01}"
EndProject
Project("{FAE04EC0-301F-11D3-BF4B-00C04F79EFBC}") = "EFM.Common.Domain", "src\api\EFM.Common\EFM.Common.Domain\EFM.Common.Domain.csproj", "{7CC3DDB2-670B-3B59-00DF-7D0F17858EC3}"
EndProject
Project("{FAE04EC0-301F-11D3-BF4B-00C04F79EFBC}") = "EFM.Common.Infrastructure", "src\api\EFM.Common\EFM.Common.Infrastructure\EFM.Common.Infrastructure.csproj", "{D4272769-C579-6C77-62F4-146F03EBA995}"
EndProject
Project("{2150E333-8FDC-42A3-9474-1A3956D46DE8}") = "EFM.AppHost", "EFM.AppHost", "{D8BB19AC-FE2B-4320-9484-05CB32071078}"
EndProject
Project("{FAE04EC0-301F-11D3-BF4B-00C04F79EFBC}") = "WFM.AppHost", "src\api\EFM.AppHost\WFM.AppHost.csproj", "{F92F9F45-4073-79B2-8C0E-4FD908BAE0FC}"
EndProject
Project("{E53339B2-1760-4266-BCC7-CA923CBCF16C}") = "docker-compose", "docker-compose.dcproj", "{81DDED9D-158B-E303-5F62-77A2896D2A5A}"
EndProject
Global
	GlobalSection(SolutionConfigurationPlatforms) = preSolution
		Debug|Any CPU = Debug|Any CPU
		Release|Any CPU = Release|Any CPU
	EndGlobalSection
	GlobalSection(ProjectConfigurationPlatforms) = postSolution
		{34B4DAE6-CA69-93DB-7DC6-7AD1D96C5C2C}.Debug|Any CPU.ActiveCfg = Debug|Any CPU
		{34B4DAE6-CA69-93DB-7DC6-7AD1D96C5C2C}.Debug|Any CPU.Build.0 = Debug|Any CPU
		{34B4DAE6-CA69-93DB-7DC6-7AD1D96C5C2C}.Release|Any CPU.ActiveCfg = Release|Any CPU
		{34B4DAE6-CA69-93DB-7DC6-7AD1D96C5C2C}.Release|Any CPU.Build.0 = Release|Any CPU
		{0FBAC862-B2D3-23ED-2B69-DDD1A5DF8CC0}.Debug|Any CPU.ActiveCfg = Debug|Any CPU
		{0FBAC862-B2D3-23ED-2B69-DDD1A5DF8CC0}.Debug|Any CPU.Build.0 = Debug|Any CPU
		{0FBAC862-B2D3-23ED-2B69-DDD1A5DF8CC0}.Release|Any CPU.ActiveCfg = Release|Any CPU
		{0FBAC862-B2D3-23ED-2B69-DDD1A5DF8CC0}.Release|Any CPU.Build.0 = Release|Any CPU
		{ACB20932-38EA-5770-0512-A332E30E39EB}.Debug|Any CPU.ActiveCfg = Debug|Any CPU
		{ACB20932-38EA-5770-0512-A332E30E39EB}.Debug|Any CPU.Build.0 = Debug|Any CPU
		{ACB20932-38EA-5770-0512-A332E30E39EB}.Release|Any CPU.ActiveCfg = Release|Any CPU
		{ACB20932-38EA-5770-0512-A332E30E39EB}.Release|Any CPU.Build.0 = Release|Any CPU
		{FBBE21B0-4758-8628-9EA0-1331A5911215}.Debug|Any CPU.ActiveCfg = Debug|Any CPU
		{FBBE21B0-4758-8628-9EA0-1331A5911215}.Debug|Any CPU.Build.0 = Debug|Any CPU
		{FBBE21B0-4758-8628-9EA0-1331A5911215}.Release|Any CPU.ActiveCfg = Release|Any CPU
		{FBBE21B0-4758-8628-9EA0-1331A5911215}.Release|Any CPU.Build.0 = Release|Any CPU
		{B6EC89A1-2A92-2555-446F-8385643F055B}.Debug|Any CPU.ActiveCfg = Debug|Any CPU
		{B6EC89A1-2A92-2555-446F-8385643F055B}.Debug|Any CPU.Build.0 = Debug|Any CPU
		{B6EC89A1-2A92-2555-446F-8385643F055B}.Release|Any CPU.ActiveCfg = Release|Any CPU
		{B6EC89A1-2A92-2555-446F-8385643F055B}.Release|Any CPU.Build.0 = Release|Any CPU
		{981935BB-DAEB-B0B6-3E35-A85F03771AEC}.Debug|Any CPU.ActiveCfg = Debug|Any CPU
		{981935BB-DAEB-B0B6-3E35-A85F03771AEC}.Debug|Any CPU.Build.0 = Debug|Any CPU
		{981935BB-DAEB-B0B6-3E35-A85F03771AEC}.Release|Any CPU.ActiveCfg = Release|Any CPU
		{981935BB-DAEB-B0B6-3E35-A85F03771AEC}.Release|Any CPU.Build.0 = Release|Any CPU
		{E6A9AFB6-3E4B-D226-0A2D-FD1CB91F8F7B}.Debug|Any CPU.ActiveCfg = Debug|Any CPU
		{E6A9AFB6-3E4B-D226-0A2D-FD1CB91F8F7B}.Debug|Any CPU.Build.0 = Debug|Any CPU
		{E6A9AFB6-3E4B-D226-0A2D-FD1CB91F8F7B}.Release|Any CPU.ActiveCfg = Release|Any CPU
		{E6A9AFB6-3E4B-D226-0A2D-FD1CB91F8F7B}.Release|Any CPU.Build.0 = Release|Any CPU
		{0DE10F68-335B-51CB-A876-CBB8AE97CD85}.Debug|Any CPU.ActiveCfg = Debug|Any CPU
		{0DE10F68-335B-51CB-A876-CBB8AE97CD85}.Debug|Any CPU.Build.0 = Debug|Any CPU
		{0DE10F68-335B-51CB-A876-CBB8AE97CD85}.Release|Any CPU.ActiveCfg = Release|Any CPU
		{0DE10F68-335B-51CB-A876-CBB8AE97CD85}.Release|Any CPU.Build.0 = Release|Any CPU
		{78872A0E-3C02-52BD-9012-06346F3587B2}.Debug|Any CPU.ActiveCfg = Debug|Any CPU
		{78872A0E-3C02-52BD-9012-06346F3587B2}.Debug|Any CPU.Build.0 = Debug|Any CPU
		{78872A0E-3C02-52BD-9012-06346F3587B2}.Release|Any CPU.ActiveCfg = Release|Any CPU
		{78872A0E-3C02-52BD-9012-06346F3587B2}.Release|Any CPU.Build.0 = Release|Any CPU
		{F18ACCD7-D406-CB42-EB20-EBC0104BD1BD}.Debug|Any CPU.ActiveCfg = Debug|Any CPU
		{F18ACCD7-D406-CB42-EB20-EBC0104BD1BD}.Debug|Any CPU.Build.0 = Debug|Any CPU
		{F18ACCD7-D406-CB42-EB20-EBC0104BD1BD}.Release|Any CPU.ActiveCfg = Release|Any CPU
		{F18ACCD7-D406-CB42-EB20-EBC0104BD1BD}.Release|Any CPU.Build.0 = Release|Any CPU
		{741A8A51-B24A-2EE0-2631-05F6EF37F6EE}.Debug|Any CPU.ActiveCfg = Debug|Any CPU
		{741A8A51-B24A-2EE0-2631-05F6EF37F6EE}.Debug|Any CPU.Build.0 = Debug|Any CPU
		{741A8A51-B24A-2EE0-2631-05F6EF37F6EE}.Release|Any CPU.ActiveCfg = Release|Any CPU
		{741A8A51-B24A-2EE0-2631-05F6EF37F6EE}.Release|Any CPU.Build.0 = Release|Any CPU
		{9AA009A6-3D1C-B788-75A8-945471043DD2}.Debug|Any CPU.ActiveCfg = Debug|Any CPU
		{9AA009A6-3D1C-B788-75A8-945471043DD2}.Debug|Any CPU.Build.0 = Debug|Any CPU
		{9AA009A6-3D1C-B788-75A8-945471043DD2}.Release|Any CPU.ActiveCfg = Release|Any CPU
		{9AA009A6-3D1C-B788-75A8-945471043DD2}.Release|Any CPU.Build.0 = Release|Any CPU
		{093EC019-5B95-509A-2661-A0B1C53826A4}.Debug|Any CPU.ActiveCfg = Debug|Any CPU
		{093EC019-5B95-509A-2661-A0B1C53826A4}.Debug|Any CPU.Build.0 = Debug|Any CPU
		{093EC019-5B95-509A-2661-A0B1C53826A4}.Release|Any CPU.ActiveCfg = Release|Any CPU
		{093EC019-5B95-509A-2661-A0B1C53826A4}.Release|Any CPU.Build.0 = Release|Any CPU
		{D25622B2-3B78-3792-C413-B6ED696CDF65}.Debug|Any CPU.ActiveCfg = Debug|Any CPU
		{D25622B2-3B78-3792-C413-B6ED696CDF65}.Debug|Any CPU.Build.0 = Debug|Any CPU
		{D25622B2-3B78-3792-C413-B6ED696CDF65}.Release|Any CPU.ActiveCfg = Release|Any CPU
		{D25622B2-3B78-3792-C413-B6ED696CDF65}.Release|Any CPU.Build.0 = Release|Any CPU
		{612C99E2-DFCB-0D35-BC05-FFAE30E76F01}.Debug|Any CPU.ActiveCfg = Debug|Any CPU
		{612C99E2-DFCB-0D35-BC05-FFAE30E76F01}.Debug|Any CPU.Build.0 = Debug|Any CPU
		{612C99E2-DFCB-0D35-BC05-FFAE30E76F01}.Release|Any CPU.ActiveCfg = Release|Any CPU
		{612C99E2-DFCB-0D35-BC05-FFAE30E76F01}.Release|Any CPU.Build.0 = Release|Any CPU
		{7CC3DDB2-670B-3B59-00DF-7D0F17858EC3}.Debug|Any CPU.ActiveCfg = Debug|Any CPU
		{7CC3DDB2-670B-3B59-00DF-7D0F17858EC3}.Debug|Any CPU.Build.0 = Debug|Any CPU
		{7CC3DDB2-670B-3B59-00DF-7D0F17858EC3}.Release|Any CPU.ActiveCfg = Release|Any CPU
		{7CC3DDB2-670B-3B59-00DF-7D0F17858EC3}.Release|Any CPU.Build.0 = Release|Any CPU
		{D4272769-C579-6C77-62F4-146F03EBA995}.Debug|Any CPU.ActiveCfg = Debug|Any CPU
		{D4272769-C579-6C77-62F4-146F03EBA995}.Debug|Any CPU.Build.0 = Debug|Any CPU
		{D4272769-C579-6C77-62F4-146F03EBA995}.Release|Any CPU.ActiveCfg = Release|Any CPU
		{D4272769-C579-6C77-62F4-146F03EBA995}.Release|Any CPU.Build.0 = Release|Any CPU
		{F92F9F45-4073-79B2-8C0E-4FD908BAE0FC}.Debug|Any CPU.ActiveCfg = Debug|Any CPU
		{F92F9F45-4073-79B2-8C0E-4FD908BAE0FC}.Debug|Any CPU.Build.0 = Debug|Any CPU
		{F92F9F45-4073-79B2-8C0E-4FD908BAE0FC}.Release|Any CPU.ActiveCfg = Release|Any CPU
		{F92F9F45-4073-79B2-8C0E-4FD908BAE0FC}.Release|Any CPU.Build.0 = Release|Any CPU
		{81DDED9D-158B-E303-5F62-77A2896D2A5A}.Debug|Any CPU.ActiveCfg = Debug|Any CPU
		{81DDED9D-158B-E303-5F62-77A2896D2A5A}.Debug|Any CPU.Build.0 = Debug|Any CPU
		{81DDED9D-158B-E303-5F62-77A2896D2A5A}.Release|Any CPU.ActiveCfg = Release|Any CPU
		{81DDED9D-158B-E303-5F62-77A2896D2A5A}.Release|Any CPU.Build.0 = Release|Any CPU
	EndGlobalSection
	GlobalSection(SolutionProperties) = preSolution
		HideSolutionNode = FALSE
	EndGlobalSection
	GlobalSection(NestedProjects) = preSolution
		{0607FAB3-9CB0-4D80-AE40-6D9786CA2EE3} = {02EA681E-C7D8-13C7-8484-4AC65E1B71E8}
		{3742A77B-655F-4374-B604-2804F882DEC9} = {02EA681E-C7D8-13C7-8484-4AC65E1B71E8}
		{68A03BCE-89AE-4D4D-94A7-5DD81B5BEEB6} = {02EA681E-C7D8-13C7-8484-4AC65E1B71E8}
		{489CEA21-799E-465B-9CFF-FD4C5D8612E3} = {68A03BCE-89AE-4D4D-94A7-5DD81B5BEEB6}
		{97939F6E-EDEC-4AE9-9FE1-17BEB619FA2B} = {68A03BCE-89AE-4D4D-94A7-5DD81B5BEEB6}
		{CE25A624-3FDE-4485-8F23-259E263655B3} = {68A03BCE-89AE-4D4D-94A7-5DD81B5BEEB6}
		{34B4DAE6-CA69-93DB-7DC6-7AD1D96C5C2C} = {0607FAB3-9CB0-4D80-AE40-6D9786CA2EE3}
		{0FBAC862-B2D3-23ED-2B69-DDD1A5DF8CC0} = {97939F6E-EDEC-4AE9-9FE1-17BEB619FA2B}
		{ACB20932-38EA-5770-0512-A332E30E39EB} = {97939F6E-EDEC-4AE9-9FE1-17BEB619FA2B}
		{FBBE21B0-4758-8628-9EA0-1331A5911215} = {97939F6E-EDEC-4AE9-9FE1-17BEB619FA2B}
		{B6EC89A1-2A92-2555-446F-8385643F055B} = {97939F6E-EDEC-4AE9-9FE1-17BEB619FA2B}
		{981935BB-DAEB-B0B6-3E35-A85F03771AEC} = {97939F6E-EDEC-4AE9-9FE1-17BEB619FA2B}
		{E6A9AFB6-3E4B-D226-0A2D-FD1CB91F8F7B} = {CE25A624-3FDE-4485-8F23-259E263655B3}
		{0DE10F68-335B-51CB-A876-CBB8AE97CD85} = {CE25A624-3FDE-4485-8F23-259E263655B3}
		{78872A0E-3C02-52BD-9012-06346F3587B2} = {CE25A624-3FDE-4485-8F23-259E263655B3}
		{F18ACCD7-D406-CB42-EB20-EBC0104BD1BD} = {CE25A624-3FDE-4485-8F23-259E263655B3}
		{741A8A51-B24A-2EE0-2631-05F6EF37F6EE} = {489CEA21-799E-465B-9CFF-FD4C5D8612E3}
		{9AA009A6-3D1C-B788-75A8-945471043DD2} = {489CEA21-799E-465B-9CFF-FD4C5D8612E3}
		{093EC019-5B95-509A-2661-A0B1C53826A4} = {489CEA21-799E-465B-9CFF-FD4C5D8612E3}
		{D25622B2-3B78-3792-C413-B6ED696CDF65} = {489CEA21-799E-465B-9CFF-FD4C5D8612E3}
		{612C99E2-DFCB-0D35-BC05-FFAE30E76F01} = {3742A77B-655F-4374-B604-2804F882DEC9}
		{7CC3DDB2-670B-3B59-00DF-7D0F17858EC3} = {3742A77B-655F-4374-B604-2804F882DEC9}
		{D4272769-C579-6C77-62F4-146F03EBA995} = {3742A77B-655F-4374-B604-2804F882DEC9}
		{D8BB19AC-FE2B-4320-9484-05CB32071078} = {02EA681E-C7D8-13C7-8484-4AC65E1B71E8}
		{F92F9F45-4073-79B2-8C0E-4FD908BAE0FC} = {D8BB19AC-FE2B-4320-9484-05CB32071078}
	EndGlobalSection
	GlobalSection(ExtensibilityGlobals) = postSolution
		SolutionGuid = {A4B40084-5DE4-446F-B5B8-33AA5EEA2F41}
	EndGlobalSection
EndGlobal
