
Microsoft Visual Studio Solution File, Format Version 12.00
# Visual Studio Version 17
VisualStudioVersion = 17.14.36616.10
MinimumVisualStudioVersion = 10.0.40219.1
Project("{FAE04EC0-301F-11D3-BF4B-00C04F79EFBC}") = "EFM.Api", "src\EFM.Api\EFM.Api.csproj", "{1C6217FA-FD30-332B-BC78-DB58C121C679}"
EndProject
Project("{2150E333-8FDC-42A3-9474-1A3956D46DE8}") = "src", "src", "{02EA681E-C7D8-13C7-8484-4AC65E1B71E8}"
EndProject
Project("{2150E333-8FDC-42A3-9474-1A3956D46DE8}") = "EFM.Api", "EFM.Api", "{0607FAB3-9CB0-4D80-AE40-6D9786CA2EE3}"
EndProject
Project("{2150E333-8FDC-42A3-9474-1A3956D46DE8}") = "EFM.AppHost", "EFM.AppHost", "{DE4DF712-6F45-42A9-9619-AAD6E7334DC6}"
EndProject
Project("{FAE04EC0-301F-11D3-BF4B-00C04F79EFBC}") = "WFM.AppHost", "src\EFM.AppHost\WFM.AppHost.csproj", "{B768A754-9C0A-62E7-30FE-B15395709219}"
EndProject
Project("{2150E333-8FDC-42A3-9474-1A3956D46DE8}") = "EFM.Common", "EFM.Common", "{3742A77B-655F-4374-B604-2804F882DEC9}"
EndProject
Project("{2150E333-8FDC-42A3-9474-1A3956D46DE8}") = "EFM.BoundedContext", "EFM.BoundedContext", "{68A03BCE-89AE-4D4D-94A7-5DD81B5BEEB6}"
EndProject
Project("{2150E333-8FDC-42A3-9474-1A3956D46DE8}") = "Products", "Products", "{489CEA21-799E-465B-9CFF-FD4C5D8612E3}"
EndProject
Project("{E53339B2-1760-4266-BCC7-CA923CBCF16C}") = "docker-compose", "docker-compose.dcproj", "{81DDED9D-158B-E303-5F62-77A2896D2A5A}"
EndProject
Project("{FAE04EC0-301F-11D3-BF4B-00C04F79EFBC}") = "EFM.Products.Api", "src\EFM.BoundedContext\Products\EFM.Products.Api\EFM.Products.Api.csproj", "{8A7F906C-6F09-E4E2-674A-F5B1CABDE5D3}"
EndProject
Project("{FAE04EC0-301F-11D3-BF4B-00C04F79EFBC}") = "EFM.Products.Application", "src\EFM.BoundedContext\Products\EFM.Products.Application\EFM.Products.Application.csproj", "{88A66719-6181-6E18-0403-E1AFB752A626}"
EndProject
Project("{FAE04EC0-301F-11D3-BF4B-00C04F79EFBC}") = "EFM.Products.Domain", "src\EFM.BoundedContext\Products\EFM.Products.Domain\EFM.Products.Domain.csproj", "{A2D84B0C-09C1-0F31-8718-0E0F747FB776}"
EndProject
Project("{FAE04EC0-301F-11D3-BF4B-00C04F79EFBC}") = "EFM.Products.Infrastructure", "src\EFM.BoundedContext\Products\EFM.Products.Infrastructure\EFM.Products.Infrastructure.csproj", "{822B7CB2-7978-DE8B-8175-1389692C15DB}"
EndProject
Project("{2150E333-8FDC-42A3-9474-1A3956D46DE8}") = "Solution Items", "Solution Items", "{287938F2-41A2-4134-8ECD-423C16B4D764}"
	ProjectSection(SolutionItems) = preProject
		.editorconfig = .editorconfig
		Directory.Build.props = Directory.Build.props
	EndProjectSection
EndProject
Project("{FAE04EC0-301F-11D3-BF4B-00C04F79EFBC}") = "EFM.Common.Application", "src\EFM.Common\EFM.Common.Application\EFM.Common.Application.csproj", "{F24B0C1A-8DD9-EDDC-E611-CFBEC887941E}"
EndProject
Project("{FAE04EC0-301F-11D3-BF4B-00C04F79EFBC}") = "EFM.Common.Domain", "src\EFM.Common\EFM.Common.Domain\EFM.Common.Domain.csproj", "{A88010FB-1FBF-2E7B-721F-19EFDFE16C84}"
EndProject
Project("{FAE04EC0-301F-11D3-BF4B-00C04F79EFBC}") = "EFM.Common.Infrastructure", "src\EFM.Common\EFM.Common.Infrastructure\EFM.Common.Infrastructure.csproj", "{B1595001-3EE3-FA55-FCC4-5D577A98E254}"
EndProject
Project("{2150E333-8FDC-42A3-9474-1A3956D46DE8}") = "Inventory", "Inventory", "{97939F6E-EDEC-4AE9-9FE1-17BEB619FA2B}"
EndProject
Project("{FAE04EC0-301F-11D3-BF4B-00C04F79EFBC}") = "EFM.Inventory.Api", "src\EFM.BoundedContext\Inventory\EFM.Inventory.Api\EFM.Inventory.Api.csproj", "{6A54D7FB-B3F9-452B-88C7-744FC0504BA6}"
EndProject
Project("{FAE04EC0-301F-11D3-BF4B-00C04F79EFBC}") = "EFM.Inventory.Application", "src\EFM.BoundedContext\Inventory\EFM.Inventory.Application\EFM.Inventory.Application.csproj", "{FFE288E3-4928-46E4-9A4D-CAE5EF575B48}"
EndProject
Project("{FAE04EC0-301F-11D3-BF4B-00C04F79EFBC}") = "EFM.Inventory.Domain", "src\EFM.BoundedContext\Inventory\EFM.Inventory.Domain\EFM.Inventory.Domain.csproj", "{354DC209-8A96-42E9-8C71-C0863FD11473}"
EndProject
Project("{FAE04EC0-301F-11D3-BF4B-00C04F79EFBC}") = "EFM.Inventory.Infrastructure", "src\EFM.BoundedContext\Inventory\EFM.Inventory.Infrastructure\EFM.Inventory.Infrastructure.csproj", "{6EFBB748-3D86-4E80-9102-627DFAD9C4B2}"
EndProject
Global
	GlobalSection(SolutionConfigurationPlatforms) = preSolution
		Debug|Any CPU = Debug|Any CPU
		Release|Any CPU = Release|Any CPU
	EndGlobalSection
	GlobalSection(ProjectConfigurationPlatforms) = postSolution
		{1C6217FA-FD30-332B-BC78-DB58C121C679}.Debug|Any CPU.ActiveCfg = Debug|Any CPU
		{1C6217FA-FD30-332B-BC78-DB58C121C679}.Debug|Any CPU.Build.0 = Debug|Any CPU
		{1C6217FA-FD30-332B-BC78-DB58C121C679}.Release|Any CPU.ActiveCfg = Release|Any CPU
		{1C6217FA-FD30-332B-BC78-DB58C121C679}.Release|Any CPU.Build.0 = Release|Any CPU
		{B768A754-9C0A-62E7-30FE-B15395709219}.Debug|Any CPU.ActiveCfg = Debug|Any CPU
		{B768A754-9C0A-62E7-30FE-B15395709219}.Debug|Any CPU.Build.0 = Debug|Any CPU
		{B768A754-9C0A-62E7-30FE-B15395709219}.Release|Any CPU.ActiveCfg = Release|Any CPU
		{B768A754-9C0A-62E7-30FE-B15395709219}.Release|Any CPU.Build.0 = Release|Any CPU
		{81DDED9D-158B-E303-5F62-77A2896D2A5A}.Debug|Any CPU.ActiveCfg = Debug|Any CPU
		{81DDED9D-158B-E303-5F62-77A2896D2A5A}.Debug|Any CPU.Build.0 = Debug|Any CPU
		{81DDED9D-158B-E303-5F62-77A2896D2A5A}.Release|Any CPU.ActiveCfg = Release|Any CPU
		{81DDED9D-158B-E303-5F62-77A2896D2A5A}.Release|Any CPU.Build.0 = Release|Any CPU
		{8A7F906C-6F09-E4E2-674A-F5B1CABDE5D3}.Debug|Any CPU.ActiveCfg = Debug|Any CPU
		{8A7F906C-6F09-E4E2-674A-F5B1CABDE5D3}.Debug|Any CPU.Build.0 = Debug|Any CPU
		{8A7F906C-6F09-E4E2-674A-F5B1CABDE5D3}.Release|Any CPU.ActiveCfg = Release|Any CPU
		{8A7F906C-6F09-E4E2-674A-F5B1CABDE5D3}.Release|Any CPU.Build.0 = Release|Any CPU
		{88A66719-6181-6E18-0403-E1AFB752A626}.Debug|Any CPU.ActiveCfg = Debug|Any CPU
		{88A66719-6181-6E18-0403-E1AFB752A626}.Debug|Any CPU.Build.0 = Debug|Any CPU
		{88A66719-6181-6E18-0403-E1AFB752A626}.Release|Any CPU.ActiveCfg = Release|Any CPU
		{88A66719-6181-6E18-0403-E1AFB752A626}.Release|Any CPU.Build.0 = Release|Any CPU
		{A2D84B0C-09C1-0F31-8718-0E0F747FB776}.Debug|Any CPU.ActiveCfg = Debug|Any CPU
		{A2D84B0C-09C1-0F31-8718-0E0F747FB776}.Debug|Any CPU.Build.0 = Debug|Any CPU
		{A2D84B0C-09C1-0F31-8718-0E0F747FB776}.Release|Any CPU.ActiveCfg = Release|Any CPU
		{A2D84B0C-09C1-0F31-8718-0E0F747FB776}.Release|Any CPU.Build.0 = Release|Any CPU
		{822B7CB2-7978-DE8B-8175-1389692C15DB}.Debug|Any CPU.ActiveCfg = Debug|Any CPU
		{822B7CB2-7978-DE8B-8175-1389692C15DB}.Debug|Any CPU.Build.0 = Debug|Any CPU
		{822B7CB2-7978-DE8B-8175-1389692C15DB}.Release|Any CPU.ActiveCfg = Release|Any CPU
		{822B7CB2-7978-DE8B-8175-1389692C15DB}.Release|Any CPU.Build.0 = Release|Any CPU
		{F24B0C1A-8DD9-EDDC-E611-CFBEC887941E}.Debug|Any CPU.ActiveCfg = Debug|Any CPU
		{F24B0C1A-8DD9-EDDC-E611-CFBEC887941E}.Debug|Any CPU.Build.0 = Debug|Any CPU
		{F24B0C1A-8DD9-EDDC-E611-CFBEC887941E}.Release|Any CPU.ActiveCfg = Release|Any CPU
		{F24B0C1A-8DD9-EDDC-E611-CFBEC887941E}.Release|Any CPU.Build.0 = Release|Any CPU
		{A88010FB-1FBF-2E7B-721F-19EFDFE16C84}.Debug|Any CPU.ActiveCfg = Debug|Any CPU
		{A88010FB-1FBF-2E7B-721F-19EFDFE16C84}.Debug|Any CPU.Build.0 = Debug|Any CPU
		{A88010FB-1FBF-2E7B-721F-19EFDFE16C84}.Release|Any CPU.ActiveCfg = Release|Any CPU
		{A88010FB-1FBF-2E7B-721F-19EFDFE16C84}.Release|Any CPU.Build.0 = Release|Any CPU
		{B1595001-3EE3-FA55-FCC4-5D577A98E254}.Debug|Any CPU.ActiveCfg = Debug|Any CPU
		{B1595001-3EE3-FA55-FCC4-5D577A98E254}.Debug|Any CPU.Build.0 = Debug|Any CPU
		{B1595001-3EE3-FA55-FCC4-5D577A98E254}.Release|Any CPU.ActiveCfg = Release|Any CPU
		{B1595001-3EE3-FA55-FCC4-5D577A98E254}.Release|Any CPU.Build.0 = Release|Any CPU
		{6A54D7FB-B3F9-452B-88C7-744FC0504BA6}.Debug|Any CPU.ActiveCfg = Debug|Any CPU
		{6A54D7FB-B3F9-452B-88C7-744FC0504BA6}.Debug|Any CPU.Build.0 = Debug|Any CPU
		{6A54D7FB-B3F9-452B-88C7-744FC0504BA6}.Release|Any CPU.ActiveCfg = Release|Any CPU
		{6A54D7FB-B3F9-452B-88C7-744FC0504BA6}.Release|Any CPU.Build.0 = Release|Any CPU
		{FFE288E3-4928-46E4-9A4D-CAE5EF575B48}.Debug|Any CPU.ActiveCfg = Debug|Any CPU
		{FFE288E3-4928-46E4-9A4D-CAE5EF575B48}.Debug|Any CPU.Build.0 = Debug|Any CPU
		{FFE288E3-4928-46E4-9A4D-CAE5EF575B48}.Release|Any CPU.ActiveCfg = Release|Any CPU
		{FFE288E3-4928-46E4-9A4D-CAE5EF575B48}.Release|Any CPU.Build.0 = Release|Any CPU
		{354DC209-8A96-42E9-8C71-C0863FD11473}.Debug|Any CPU.ActiveCfg = Debug|Any CPU
		{354DC209-8A96-42E9-8C71-C0863FD11473}.Debug|Any CPU.Build.0 = Debug|Any CPU
		{354DC209-8A96-42E9-8C71-C0863FD11473}.Release|Any CPU.ActiveCfg = Release|Any CPU
		{354DC209-8A96-42E9-8C71-C0863FD11473}.Release|Any CPU.Build.0 = Release|Any CPU
		{6EFBB748-3D86-4E80-9102-627DFAD9C4B2}.Debug|Any CPU.ActiveCfg = Debug|Any CPU
		{6EFBB748-3D86-4E80-9102-627DFAD9C4B2}.Debug|Any CPU.Build.0 = Debug|Any CPU
		{6EFBB748-3D86-4E80-9102-627DFAD9C4B2}.Release|Any CPU.ActiveCfg = Release|Any CPU
		{6EFBB748-3D86-4E80-9102-627DFAD9C4B2}.Release|Any CPU.Build.0 = Release|Any CPU
	EndGlobalSection
	GlobalSection(SolutionProperties) = preSolution
		HideSolutionNode = FALSE
	EndGlobalSection
	GlobalSection(NestedProjects) = preSolution
		{1C6217FA-FD30-332B-BC78-DB58C121C679} = {0607FAB3-9CB0-4D80-AE40-6D9786CA2EE3}
		{0607FAB3-9CB0-4D80-AE40-6D9786CA2EE3} = {02EA681E-C7D8-13C7-8484-4AC65E1B71E8}
		{DE4DF712-6F45-42A9-9619-AAD6E7334DC6} = {02EA681E-C7D8-13C7-8484-4AC65E1B71E8}
		{B768A754-9C0A-62E7-30FE-B15395709219} = {DE4DF712-6F45-42A9-9619-AAD6E7334DC6}
		{3742A77B-655F-4374-B604-2804F882DEC9} = {02EA681E-C7D8-13C7-8484-4AC65E1B71E8}
		{68A03BCE-89AE-4D4D-94A7-5DD81B5BEEB6} = {02EA681E-C7D8-13C7-8484-4AC65E1B71E8}
		{489CEA21-799E-465B-9CFF-FD4C5D8612E3} = {68A03BCE-89AE-4D4D-94A7-5DD81B5BEEB6}
		{8A7F906C-6F09-E4E2-674A-F5B1CABDE5D3} = {489CEA21-799E-465B-9CFF-FD4C5D8612E3}
		{88A66719-6181-6E18-0403-E1AFB752A626} = {489CEA21-799E-465B-9CFF-FD4C5D8612E3}
		{A2D84B0C-09C1-0F31-8718-0E0F747FB776} = {489CEA21-799E-465B-9CFF-FD4C5D8612E3}
		{822B7CB2-7978-DE8B-8175-1389692C15DB} = {489CEA21-799E-465B-9CFF-FD4C5D8612E3}
		{F24B0C1A-8DD9-EDDC-E611-CFBEC887941E} = {3742A77B-655F-4374-B604-2804F882DEC9}
		{A88010FB-1FBF-2E7B-721F-19EFDFE16C84} = {3742A77B-655F-4374-B604-2804F882DEC9}
		{B1595001-3EE3-FA55-FCC4-5D577A98E254} = {3742A77B-655F-4374-B604-2804F882DEC9}
		{97939F6E-EDEC-4AE9-9FE1-17BEB619FA2B} = {68A03BCE-89AE-4D4D-94A7-5DD81B5BEEB6}
		{6A54D7FB-B3F9-452B-88C7-744FC0504BA6} = {97939F6E-EDEC-4AE9-9FE1-17BEB619FA2B}
		{FFE288E3-4928-46E4-9A4D-CAE5EF575B48} = {97939F6E-EDEC-4AE9-9FE1-17BEB619FA2B}
		{354DC209-8A96-42E9-8C71-C0863FD11473} = {97939F6E-EDEC-4AE9-9FE1-17BEB619FA2B}
		{6EFBB748-3D86-4E80-9102-627DFAD9C4B2} = {97939F6E-EDEC-4AE9-9FE1-17BEB619FA2B}
	EndGlobalSection
	GlobalSection(ExtensibilityGlobals) = postSolution
		SolutionGuid = {A4B40084-5DE4-446F-B5B8-33AA5EEA2F41}
	EndGlobalSection
EndGlobal
